// !$*UTF8*$!
{
	archiveVersion = 1;
	classes = {
	};
	objectVersion = 55;
	objects = {

/* Begin PBXBuildFile section */
		5F0D5FEA2739AC2400D0A975 /* MVPA_WorkoutApp.swift in Sources */ = {isa = PBXBuildFile; fileRef = 5F0D5FE92739AC2400D0A975 /* MVPA_WorkoutApp.swift */; };
		5F0D5FEC2739AC2400D0A975 /* DataSelectionView.swift in Sources */ = {isa = PBXBuildFile; fileRef = 5F0D5FEB2739AC2400D0A975 /* DataSelectionView.swift */; };
		5F0D5FEE2739AC2600D0A975 /* Assets.xcassets in Resources */ = {isa = PBXBuildFile; fileRef = 5F0D5FED2739AC2600D0A975 /* Assets.xcassets */; };
		5F0D5FF12739AC2600D0A975 /* Preview Assets.xcassets in Resources */ = {isa = PBXBuildFile; fileRef = 5F0D5FF02739AC2600D0A975 /* Preview Assets.xcassets */; };
		5F0D5FFB2739AC2700D0A975 /* MVPA_WorkoutTests.swift in Sources */ = {isa = PBXBuildFile; fileRef = 5F0D5FFA2739AC2700D0A975 /* MVPA_WorkoutTests.swift */; };
		5F0D60052739AC2700D0A975 /* MVPA_WorkoutUITests.swift in Sources */ = {isa = PBXBuildFile; fileRef = 5F0D60042739AC2700D0A975 /* MVPA_WorkoutUITests.swift */; };
		5F0D60072739AC2700D0A975 /* MVPA_WorkoutUITestsLaunchTests.swift in Sources */ = {isa = PBXBuildFile; fileRef = 5F0D60062739AC2700D0A975 /* MVPA_WorkoutUITestsLaunchTests.swift */; };
		5F0D600B2739AC2700D0A975 /* MVPA Workout WatchKit App.app in Embed Watch Content */ = {isa = PBXBuildFile; fileRef = 5F0D600A2739AC2700D0A975 /* MVPA Workout WatchKit App.app */; settings = {ATTRIBUTES = (RemoveHeadersOnCopy, ); }; };
		5F0D60102739AC2900D0A975 /* Assets.xcassets in Resources */ = {isa = PBXBuildFile; fileRef = 5F0D600F2739AC2900D0A975 /* Assets.xcassets */; };
		5F0D60162739AC2900D0A975 /* MVPA Workout WatchKit Extension.appex in Embed App Extensions */ = {isa = PBXBuildFile; fileRef = 5F0D60152739AC2900D0A975 /* MVPA Workout WatchKit Extension.appex */; settings = {ATTRIBUTES = (RemoveHeadersOnCopy, ); }; };
		5F0D601B2739AC2900D0A975 /* MVPA_WorkoutApp.swift in Sources */ = {isa = PBXBuildFile; fileRef = 5F0D601A2739AC2900D0A975 /* MVPA_WorkoutApp.swift */; };
		5F0D601D2739AC2900D0A975 /* TargetSelectionView.swift in Sources */ = {isa = PBXBuildFile; fileRef = 5F0D601C2739AC2900D0A975 /* TargetSelectionView.swift */; };
		5F0D601F2739AC2900D0A975 /* NotificationController.swift in Sources */ = {isa = PBXBuildFile; fileRef = 5F0D601E2739AC2900D0A975 /* NotificationController.swift */; };
		5F0D60212739AC2900D0A975 /* NotificationView.swift in Sources */ = {isa = PBXBuildFile; fileRef = 5F0D60202739AC2900D0A975 /* NotificationView.swift */; };
		5F0D60232739AC2900D0A975 /* ComplicationController.swift in Sources */ = {isa = PBXBuildFile; fileRef = 5F0D60222739AC2900D0A975 /* ComplicationController.swift */; };
		5F0D60252739AC2A00D0A975 /* Assets.xcassets in Resources */ = {isa = PBXBuildFile; fileRef = 5F0D60242739AC2A00D0A975 /* Assets.xcassets */; };
		5F0D60282739AC2A00D0A975 /* Preview Assets.xcassets in Resources */ = {isa = PBXBuildFile; fileRef = 5F0D60272739AC2A00D0A975 /* Preview Assets.xcassets */; };
		5F0D60342739AC2A00D0A975 /* MVPA_Workout_WatchKit_AppTests.swift in Sources */ = {isa = PBXBuildFile; fileRef = 5F0D60332739AC2A00D0A975 /* MVPA_Workout_WatchKit_AppTests.swift */; };
		5F0D603E2739AC2A00D0A975 /* MVPA_Workout_WatchKit_AppUITests.swift in Sources */ = {isa = PBXBuildFile; fileRef = 5F0D603D2739AC2A00D0A975 /* MVPA_Workout_WatchKit_AppUITests.swift */; };
		5F0D60402739AC2A00D0A975 /* MVPA_Workout_WatchKit_AppUITestsLaunchTests.swift in Sources */ = {isa = PBXBuildFile; fileRef = 5F0D603F2739AC2A00D0A975 /* MVPA_Workout_WatchKit_AppUITestsLaunchTests.swift */; };
		5F0D605B2739AD0700D0A975 /* Activity ControllerView.swift in Sources */ = {isa = PBXBuildFile; fileRef = 5F0D605A2739AD0700D0A975 /* Activity ControllerView.swift */; };
		5F0D605D2739AD3200D0A975 /* UserDefaultsController.swift in Sources */ = {isa = PBXBuildFile; fileRef = 5F0D605C2739AD3200D0A975 /* UserDefaultsController.swift */; };
		5F0D605F2739AD5C00D0A975 /* MyExtensions.swift in Sources */ = {isa = PBXBuildFile; fileRef = 5F0D605E2739AD5C00D0A975 /* MyExtensions.swift */; };
		5F0D60612739ADDA00D0A975 /* WorkoutManager.swift in Sources */ = {isa = PBXBuildFile; fileRef = 5F0D60602739ADDA00D0A975 /* WorkoutManager.swift */; };
		5F0D60632739DAB200D0A975 /* WatchConnector.swift in Sources */ = {isa = PBXBuildFile; fileRef = 5F0D60622739DAB200D0A975 /* WatchConnector.swift */; };
		5F0D606B273A241C00D0A975 /* HealthKit.framework in Frameworks */ = {isa = PBXBuildFile; fileRef = 5F0D606A273A241C00D0A975 /* HealthKit.framework */; };
		5F567C052755718B00AC8DFF /* UnassignedDataView.swift in Sources */ = {isa = PBXBuildFile; fileRef = 5F567C042755718B00AC8DFF /* UnassignedDataView.swift */; };
		5F5E23EB273C585900A73CC2 /* WorkoutView.swift in Sources */ = {isa = PBXBuildFile; fileRef = 5F5E23EA273C585900A73CC2 /* WorkoutView.swift */; };
		5F76BAE3275AA5B4008FA496 /* HealthKit.framework in Frameworks */ = {isa = PBXBuildFile; fileRef = 5F76BAE2275AA5B4008FA496 /* HealthKit.framework */; };
		5F7787B22749ED8B00BE7BB2 /* Assets.xcassets in Resources */ = {isa = PBXBuildFile; fileRef = 5F0D5FED2739AC2600D0A975 /* Assets.xcassets */; };
		5F7787BF274A548700BE7BB2 /* MyExtensions.swift in Sources */ = {isa = PBXBuildFile; fileRef = 5F0D605E2739AD5C00D0A975 /* MyExtensions.swift */; };
		5F7787C6274A648300BE7BB2 /* BPM+CoreDataClass.swift in Sources */ = {isa = PBXBuildFile; fileRef = 5F7787C0274A648300BE7BB2 /* BPM+CoreDataClass.swift */; };
		5F7787C7274A648300BE7BB2 /* BPM+CoreDataProperties.swift in Sources */ = {isa = PBXBuildFile; fileRef = 5F7787C1274A648300BE7BB2 /* BPM+CoreDataProperties.swift */; };
		5F7787C8274A648300BE7BB2 /* Activity+CoreDataClass.swift in Sources */ = {isa = PBXBuildFile; fileRef = 5F7787C2274A648300BE7BB2 /* Activity+CoreDataClass.swift */; };
		5F7787C9274A648300BE7BB2 /* Activity+CoreDataProperties.swift in Sources */ = {isa = PBXBuildFile; fileRef = 5F7787C3274A648300BE7BB2 /* Activity+CoreDataProperties.swift */; };
		5F7787CA274A648300BE7BB2 /* User+CoreDataClass.swift in Sources */ = {isa = PBXBuildFile; fileRef = 5F7787C4274A648300BE7BB2 /* User+CoreDataClass.swift */; };
		5F7787CB274A648300BE7BB2 /* User+CoreDataProperties.swift in Sources */ = {isa = PBXBuildFile; fileRef = 5F7787C5274A648300BE7BB2 /* User+CoreDataProperties.swift */; };
		5F7D7B1A273A2B2300FA0FCA /* PhoneConnector.swift in Sources */ = {isa = PBXBuildFile; fileRef = 5F7D7B19273A2B2300FA0FCA /* PhoneConnector.swift */; };
		5F8FBFAE273C80560057993A /* WorkoutDetailsView.swift in Sources */ = {isa = PBXBuildFile; fileRef = 5F8FBFAD273C80560057993A /* WorkoutDetailsView.swift */; };
		5F8FBFB0273C80AB0057993A /* BpmChart.swift in Sources */ = {isa = PBXBuildFile; fileRef = 5F8FBFAF273C80AB0057993A /* BpmChart.swift */; };
		5F8FBFB2273C83B30057993A /* WorkoutData.swift in Sources */ = {isa = PBXBuildFile; fileRef = 5F8FBFB1273C83B30057993A /* WorkoutData.swift */; };
		5FAD77FA27FB53F900E0E84A /* HRMax alert.swift in Sources */ = {isa = PBXBuildFile; fileRef = 5FAD77F927FB53F900E0E84A /* HRMax alert.swift */; };
		5FAD77FE27FBD0C700E0E84A /* HRMax+CoreDataClass.swift in Sources */ = {isa = PBXBuildFile; fileRef = 5FAD77FD27FBD0C700E0E84A /* HRMax+CoreDataClass.swift */; };
		5FAD780027FBD12E00E0E84A /* HRMax+CoreDataProperties.swift in Sources */ = {isa = PBXBuildFile; fileRef = 5FAD77FF27FBD12E00E0E84A /* HRMax+CoreDataProperties.swift */; };
		5FCE5E6227E7D8AD00107A59 /* UserDefaultsController.swift in Sources */ = {isa = PBXBuildFile; fileRef = 5FCE5E6127E7D8AD00107A59 /* UserDefaultsController.swift */; };
		5FCE5E6427E7E44E00107A59 /* AssigneePickerView.swift in Sources */ = {isa = PBXBuildFile; fileRef = 5FCE5E6327E7E44E00107A59 /* AssigneePickerView.swift */; };
		5FCE5E6627E80B2A00107A59 /* HealthKitController.swift in Sources */ = {isa = PBXBuildFile; fileRef = 5FCE5E6527E80B2A00107A59 /* HealthKitController.swift */; };
		5FD9536F2748E00100F51810 /* Activity.xcdatamodeld in Sources */ = {isa = PBXBuildFile; fileRef = 5FD9536D2748E00100F51810 /* Activity.xcdatamodeld */; };
		5FD953712748E0F600F51810 /* Persistence.swift in Sources */ = {isa = PBXBuildFile; fileRef = 5FD953702748E0F600F51810 /* Persistence.swift */; };
		5FD9537327494A8800F51810 /* PeopleView.swift in Sources */ = {isa = PBXBuildFile; fileRef = 5FD9537227494A8800F51810 /* PeopleView.swift */; };
		5FD953752749628700F51810 /* PeopleDetailsView.swift in Sources */ = {isa = PBXBuildFile; fileRef = 5FD953742749628700F51810 /* PeopleDetailsView.swift */; };
/* End PBXBuildFile section */

/* Begin PBXContainerItemProxy section */
		5F0D5FF72739AC2700D0A975 /* PBXContainerItemProxy */ = {
			isa = PBXContainerItemProxy;
			containerPortal = 5F0D5FDE2739AC2300D0A975 /* Project object */;
			proxyType = 1;
			remoteGlobalIDString = 5F0D5FE52739AC2400D0A975;
			remoteInfo = "MVPA Workout";
		};
		5F0D60012739AC2700D0A975 /* PBXContainerItemProxy */ = {
			isa = PBXContainerItemProxy;
			containerPortal = 5F0D5FDE2739AC2300D0A975 /* Project object */;
			proxyType = 1;
			remoteGlobalIDString = 5F0D5FE52739AC2400D0A975;
			remoteInfo = "MVPA Workout";
		};
		5F0D600C2739AC2700D0A975 /* PBXContainerItemProxy */ = {
			isa = PBXContainerItemProxy;
			containerPortal = 5F0D5FDE2739AC2300D0A975 /* Project object */;
			proxyType = 1;
			remoteGlobalIDString = 5F0D60092739AC2700D0A975;
			remoteInfo = "MVPA Workout WatchKit App";
		};
		5F0D60172739AC2900D0A975 /* PBXContainerItemProxy */ = {
			isa = PBXContainerItemProxy;
			containerPortal = 5F0D5FDE2739AC2300D0A975 /* Project object */;
			proxyType = 1;
			remoteGlobalIDString = 5F0D60142739AC2900D0A975;
			remoteInfo = "MVPA Workout WatchKit Extension";
		};
		5F0D60302739AC2A00D0A975 /* PBXContainerItemProxy */ = {
			isa = PBXContainerItemProxy;
			containerPortal = 5F0D5FDE2739AC2300D0A975 /* Project object */;
			proxyType = 1;
			remoteGlobalIDString = 5F0D60142739AC2900D0A975;
			remoteInfo = "MVPA Workout WatchKit Extension";
		};
		5F0D603A2739AC2A00D0A975 /* PBXContainerItemProxy */ = {
			isa = PBXContainerItemProxy;
			containerPortal = 5F0D5FDE2739AC2300D0A975 /* Project object */;
			proxyType = 1;
			remoteGlobalIDString = 5F0D60092739AC2700D0A975;
			remoteInfo = "MVPA Workout WatchKit App";
		};
/* End PBXContainerItemProxy section */

/* Begin PBXCopyFilesBuildPhase section */
		5F0D60462739AC2A00D0A975 /* Embed App Extensions */ = {
			isa = PBXCopyFilesBuildPhase;
			buildActionMask = 2147483647;
			dstPath = "";
			dstSubfolderSpec = 13;
			files = (
				5F0D60162739AC2900D0A975 /* MVPA Workout WatchKit Extension.appex in Embed App Extensions */,
			);
			name = "Embed App Extensions";
			runOnlyForDeploymentPostprocessing = 0;
		};
		5F0D604A2739AC2A00D0A975 /* Embed Watch Content */ = {
			isa = PBXCopyFilesBuildPhase;
			buildActionMask = 2147483647;
			dstPath = "$(CONTENTS_FOLDER_PATH)/Watch";
			dstSubfolderSpec = 16;
			files = (
				5F0D600B2739AC2700D0A975 /* MVPA Workout WatchKit App.app in Embed Watch Content */,
			);
			name = "Embed Watch Content";
			runOnlyForDeploymentPostprocessing = 0;
		};
/* End PBXCopyFilesBuildPhase section */

/* Begin PBXFileReference section */
		5F0D5FE62739AC2400D0A975 /* MVPA Workout.app */ = {isa = PBXFileReference; explicitFileType = wrapper.application; includeInIndex = 0; path = "MVPA Workout.app"; sourceTree = BUILT_PRODUCTS_DIR; };
		5F0D5FE92739AC2400D0A975 /* MVPA_WorkoutApp.swift */ = {isa = PBXFileReference; lastKnownFileType = sourcecode.swift; path = MVPA_WorkoutApp.swift; sourceTree = "<group>"; };
		5F0D5FEB2739AC2400D0A975 /* DataSelectionView.swift */ = {isa = PBXFileReference; lastKnownFileType = sourcecode.swift; path = DataSelectionView.swift; sourceTree = "<group>"; };
		5F0D5FED2739AC2600D0A975 /* Assets.xcassets */ = {isa = PBXFileReference; lastKnownFileType = folder.assetcatalog; name = Assets.xcassets; path = "MVPA Workout/Assets.xcassets"; sourceTree = SOURCE_ROOT; };
		5F0D5FF02739AC2600D0A975 /* Preview Assets.xcassets */ = {isa = PBXFileReference; lastKnownFileType = folder.assetcatalog; path = "Preview Assets.xcassets"; sourceTree = "<group>"; };
		5F0D5FF62739AC2700D0A975 /* MVPA WorkoutTests.xctest */ = {isa = PBXFileReference; explicitFileType = wrapper.cfbundle; includeInIndex = 0; path = "MVPA WorkoutTests.xctest"; sourceTree = BUILT_PRODUCTS_DIR; };
		5F0D5FFA2739AC2700D0A975 /* MVPA_WorkoutTests.swift */ = {isa = PBXFileReference; lastKnownFileType = sourcecode.swift; path = MVPA_WorkoutTests.swift; sourceTree = "<group>"; };
		5F0D60002739AC2700D0A975 /* MVPA WorkoutUITests.xctest */ = {isa = PBXFileReference; explicitFileType = wrapper.cfbundle; includeInIndex = 0; path = "MVPA WorkoutUITests.xctest"; sourceTree = BUILT_PRODUCTS_DIR; };
		5F0D60042739AC2700D0A975 /* MVPA_WorkoutUITests.swift */ = {isa = PBXFileReference; lastKnownFileType = sourcecode.swift; path = MVPA_WorkoutUITests.swift; sourceTree = "<group>"; };
		5F0D60062739AC2700D0A975 /* MVPA_WorkoutUITestsLaunchTests.swift */ = {isa = PBXFileReference; lastKnownFileType = sourcecode.swift; path = MVPA_WorkoutUITestsLaunchTests.swift; sourceTree = "<group>"; };
		5F0D600A2739AC2700D0A975 /* MVPA Workout WatchKit App.app */ = {isa = PBXFileReference; explicitFileType = wrapper.application; includeInIndex = 0; path = "MVPA Workout WatchKit App.app"; sourceTree = BUILT_PRODUCTS_DIR; };
		5F0D600F2739AC2900D0A975 /* Assets.xcassets */ = {isa = PBXFileReference; lastKnownFileType = folder.assetcatalog; path = Assets.xcassets; sourceTree = "<group>"; };
		5F0D60152739AC2900D0A975 /* MVPA Workout WatchKit Extension.appex */ = {isa = PBXFileReference; explicitFileType = "wrapper.app-extension"; includeInIndex = 0; path = "MVPA Workout WatchKit Extension.appex"; sourceTree = BUILT_PRODUCTS_DIR; };
		5F0D601A2739AC2900D0A975 /* MVPA_WorkoutApp.swift */ = {isa = PBXFileReference; lastKnownFileType = sourcecode.swift; path = MVPA_WorkoutApp.swift; sourceTree = "<group>"; };
		5F0D601C2739AC2900D0A975 /* TargetSelectionView.swift */ = {isa = PBXFileReference; lastKnownFileType = sourcecode.swift; path = TargetSelectionView.swift; sourceTree = "<group>"; };
		5F0D601E2739AC2900D0A975 /* NotificationController.swift */ = {isa = PBXFileReference; lastKnownFileType = sourcecode.swift; path = NotificationController.swift; sourceTree = "<group>"; };
		5F0D60202739AC2900D0A975 /* NotificationView.swift */ = {isa = PBXFileReference; lastKnownFileType = sourcecode.swift; path = NotificationView.swift; sourceTree = "<group>"; };
		5F0D60222739AC2900D0A975 /* ComplicationController.swift */ = {isa = PBXFileReference; lastKnownFileType = sourcecode.swift; path = ComplicationController.swift; sourceTree = "<group>"; };
		5F0D60242739AC2A00D0A975 /* Assets.xcassets */ = {isa = PBXFileReference; lastKnownFileType = folder.assetcatalog; path = Assets.xcassets; sourceTree = "<group>"; };
		5F0D60272739AC2A00D0A975 /* Preview Assets.xcassets */ = {isa = PBXFileReference; lastKnownFileType = folder.assetcatalog; path = "Preview Assets.xcassets"; sourceTree = "<group>"; };
		5F0D602A2739AC2A00D0A975 /* PushNotificationPayload.apns */ = {isa = PBXFileReference; lastKnownFileType = text; path = PushNotificationPayload.apns; sourceTree = "<group>"; };
		5F0D602F2739AC2A00D0A975 /* MVPA Workout WatchKit AppTests.xctest */ = {isa = PBXFileReference; explicitFileType = wrapper.cfbundle; includeInIndex = 0; path = "MVPA Workout WatchKit AppTests.xctest"; sourceTree = BUILT_PRODUCTS_DIR; };
		5F0D60332739AC2A00D0A975 /* MVPA_Workout_WatchKit_AppTests.swift */ = {isa = PBXFileReference; lastKnownFileType = sourcecode.swift; path = MVPA_Workout_WatchKit_AppTests.swift; sourceTree = "<group>"; };
		5F0D60392739AC2A00D0A975 /* MVPA Workout WatchKit AppUITests.xctest */ = {isa = PBXFileReference; explicitFileType = wrapper.cfbundle; includeInIndex = 0; path = "MVPA Workout WatchKit AppUITests.xctest"; sourceTree = BUILT_PRODUCTS_DIR; };
		5F0D603D2739AC2A00D0A975 /* MVPA_Workout_WatchKit_AppUITests.swift */ = {isa = PBXFileReference; lastKnownFileType = sourcecode.swift; path = MVPA_Workout_WatchKit_AppUITests.swift; sourceTree = "<group>"; };
		5F0D603F2739AC2A00D0A975 /* MVPA_Workout_WatchKit_AppUITestsLaunchTests.swift */ = {isa = PBXFileReference; lastKnownFileType = sourcecode.swift; path = MVPA_Workout_WatchKit_AppUITestsLaunchTests.swift; sourceTree = "<group>"; };
		5F0D605A2739AD0700D0A975 /* Activity ControllerView.swift */ = {isa = PBXFileReference; lastKnownFileType = sourcecode.swift; path = "Activity ControllerView.swift"; sourceTree = "<group>"; };
		5F0D605C2739AD3200D0A975 /* UserDefaultsController.swift */ = {isa = PBXFileReference; lastKnownFileType = sourcecode.swift; path = UserDefaultsController.swift; sourceTree = "<group>"; };
		5F0D605E2739AD5C00D0A975 /* MyExtensions.swift */ = {isa = PBXFileReference; lastKnownFileType = sourcecode.swift; path = MyExtensions.swift; sourceTree = "<group>"; };
		5F0D60602739ADDA00D0A975 /* WorkoutManager.swift */ = {isa = PBXFileReference; lastKnownFileType = sourcecode.swift; path = WorkoutManager.swift; sourceTree = "<group>"; };
		5F0D60622739DAB200D0A975 /* WatchConnector.swift */ = {isa = PBXFileReference; lastKnownFileType = sourcecode.swift; path = WatchConnector.swift; sourceTree = "<group>"; };
		5F0D6068273A241C00D0A975 /* MVPA Workout WatchKit Extension.entitlements */ = {isa = PBXFileReference; lastKnownFileType = text.plist.entitlements; path = "MVPA Workout WatchKit Extension.entitlements"; sourceTree = "<group>"; };
		5F0D606A273A241C00D0A975 /* HealthKit.framework */ = {isa = PBXFileReference; lastKnownFileType = wrapper.framework; name = HealthKit.framework; path = Platforms/WatchOS.platform/Developer/SDKs/WatchOS8.0.sdk/System/Library/Frameworks/HealthKit.framework; sourceTree = DEVELOPER_DIR; };
		5F272F242759A0FE00D11D27 /* Info.plist */ = {isa = PBXFileReference; fileEncoding = 4; lastKnownFileType = text.plist.xml; name = Info.plist; path = "MVPA Workout WatchKit Extension/Info.plist"; sourceTree = SOURCE_ROOT; };
		5F567C042755718B00AC8DFF /* UnassignedDataView.swift */ = {isa = PBXFileReference; lastKnownFileType = sourcecode.swift; path = UnassignedDataView.swift; sourceTree = "<group>"; };
		5F5E23EA273C585900A73CC2 /* WorkoutView.swift */ = {isa = PBXFileReference; lastKnownFileType = sourcecode.swift; path = WorkoutView.swift; sourceTree = "<group>"; };
		5F76BAE02759B725008FA496 /* MVPA-Workout-Info.plist */ = {isa = PBXFileReference; lastKnownFileType = text.plist; path = "MVPA-Workout-Info.plist"; sourceTree = SOURCE_ROOT; };
		5F76BAE1275AA5B4008FA496 /* MVPA Workout.entitlements */ = {isa = PBXFileReference; lastKnownFileType = text.plist.entitlements; path = "MVPA Workout.entitlements"; sourceTree = "<group>"; };
		5F76BAE2275AA5B4008FA496 /* HealthKit.framework */ = {isa = PBXFileReference; lastKnownFileType = wrapper.framework; name = HealthKit.framework; path = Platforms/iPhoneOS.platform/Developer/SDKs/iPhoneOS15.0.sdk/System/Library/Frameworks/HealthKit.framework; sourceTree = DEVELOPER_DIR; };
		5F7787C0274A648300BE7BB2 /* BPM+CoreDataClass.swift */ = {isa = PBXFileReference; lastKnownFileType = sourcecode.swift; path = "BPM+CoreDataClass.swift"; sourceTree = "<group>"; };
		5F7787C1274A648300BE7BB2 /* BPM+CoreDataProperties.swift */ = {isa = PBXFileReference; lastKnownFileType = sourcecode.swift; path = "BPM+CoreDataProperties.swift"; sourceTree = "<group>"; };
		5F7787C2274A648300BE7BB2 /* Activity+CoreDataClass.swift */ = {isa = PBXFileReference; lastKnownFileType = sourcecode.swift; path = "Activity+CoreDataClass.swift"; sourceTree = "<group>"; };
		5F7787C3274A648300BE7BB2 /* Activity+CoreDataProperties.swift */ = {isa = PBXFileReference; lastKnownFileType = sourcecode.swift; path = "Activity+CoreDataProperties.swift"; sourceTree = "<group>"; };
		5F7787C4274A648300BE7BB2 /* User+CoreDataClass.swift */ = {isa = PBXFileReference; lastKnownFileType = sourcecode.swift; path = "User+CoreDataClass.swift"; sourceTree = "<group>"; };
		5F7787C5274A648300BE7BB2 /* User+CoreDataProperties.swift */ = {isa = PBXFileReference; lastKnownFileType = sourcecode.swift; path = "User+CoreDataProperties.swift"; sourceTree = "<group>"; };
		5F7D7B19273A2B2300FA0FCA /* PhoneConnector.swift */ = {isa = PBXFileReference; lastKnownFileType = sourcecode.swift; path = PhoneConnector.swift; sourceTree = "<group>"; };
		5F8FBFAD273C80560057993A /* WorkoutDetailsView.swift */ = {isa = PBXFileReference; lastKnownFileType = sourcecode.swift; path = WorkoutDetailsView.swift; sourceTree = "<group>"; };
		5F8FBFAF273C80AB0057993A /* BpmChart.swift */ = {isa = PBXFileReference; lastKnownFileType = sourcecode.swift; path = BpmChart.swift; sourceTree = "<group>"; };
		5F8FBFB1273C83B30057993A /* WorkoutData.swift */ = {isa = PBXFileReference; lastKnownFileType = sourcecode.swift; path = WorkoutData.swift; sourceTree = "<group>"; };
		5FAD77F927FB53F900E0E84A /* HRMax alert.swift */ = {isa = PBXFileReference; lastKnownFileType = sourcecode.swift; path = "HRMax alert.swift"; sourceTree = "<group>"; };
		5FAD77FD27FBD0C700E0E84A /* HRMax+CoreDataClass.swift */ = {isa = PBXFileReference; lastKnownFileType = sourcecode.swift; path = "HRMax+CoreDataClass.swift"; sourceTree = "<group>"; };
		5FAD77FF27FBD12E00E0E84A /* HRMax+CoreDataProperties.swift */ = {isa = PBXFileReference; lastKnownFileType = sourcecode.swift; path = "HRMax+CoreDataProperties.swift"; sourceTree = "<group>"; };
		5FADD1422759A64300CD0EE5 /* Info.plist */ = {isa = PBXFileReference; fileEncoding = 4; lastKnownFileType = text.plist.xml; path = Info.plist; sourceTree = "<group>"; };
		5FCE5E6127E7D8AD00107A59 /* UserDefaultsController.swift */ = {isa = PBXFileReference; lastKnownFileType = sourcecode.swift; path = "UserDefaultsCo\U0010ntroller.swift"; sourceTree = "<group>"; };
		5FCE5E6327E7E44E00107A59 /* AssigneePickerView.swift */ = {isa = PBXFileReference; lastKnownFileType = sourcecode.swift; path = AssigneePickerView.swift; sourceTree = "<group>"; };
		5FCE5E6527E80B2A00107A59 /* HealthKitController.swift */ = {isa = PBXFileReference; lastKnownFileType = sourcecode.swift; path = HealthKitController.swift; sourceTree = "<group>"; };
		5FD9536E2748E00100F51810 /* Activity.xcdatamodel */ = {isa = PBXFileReference; lastKnownFileType = wrapper.xcdatamodel; path = Activity.xcdatamodel; sourceTree = "<group>"; };
		5FD953702748E0F600F51810 /* Persistence.swift */ = {isa = PBXFileReference; lastKnownFileType = sourcecode.swift; path = Persistence.swift; sourceTree = "<group>"; };
		5FD9537227494A8800F51810 /* PeopleView.swift */ = {isa = PBXFileReference; lastKnownFileType = sourcecode.swift; path = PeopleView.swift; sourceTree = "<group>"; };
		5FD953742749628700F51810 /* PeopleDetailsView.swift */ = {isa = PBXFileReference; lastKnownFileType = sourcecode.swift; path = PeopleDetailsView.swift; sourceTree = "<group>"; };
/* End PBXFileReference section */

/* Begin PBXFrameworksBuildPhase section */
		5F0D5FE32739AC2400D0A975 /* Frameworks */ = {
			isa = PBXFrameworksBuildPhase;
			buildActionMask = 2147483647;
			files = (
				5F76BAE3275AA5B4008FA496 /* HealthKit.framework in Frameworks */,
			);
			runOnlyForDeploymentPostprocessing = 0;
		};
		5F0D5FF32739AC2700D0A975 /* Frameworks */ = {
			isa = PBXFrameworksBuildPhase;
			buildActionMask = 2147483647;
			files = (
			);
			runOnlyForDeploymentPostprocessing = 0;
		};
		5F0D5FFD2739AC2700D0A975 /* Frameworks */ = {
			isa = PBXFrameworksBuildPhase;
			buildActionMask = 2147483647;
			files = (
			);
			runOnlyForDeploymentPostprocessing = 0;
		};
		5F0D60122739AC2900D0A975 /* Frameworks */ = {
			isa = PBXFrameworksBuildPhase;
			buildActionMask = 2147483647;
			files = (
				5F0D606B273A241C00D0A975 /* HealthKit.framework in Frameworks */,
			);
			runOnlyForDeploymentPostprocessing = 0;
		};
		5F0D602C2739AC2A00D0A975 /* Frameworks */ = {
			isa = PBXFrameworksBuildPhase;
			buildActionMask = 2147483647;
			files = (
			);
			runOnlyForDeploymentPostprocessing = 0;
		};
		5F0D60362739AC2A00D0A975 /* Frameworks */ = {
			isa = PBXFrameworksBuildPhase;
			buildActionMask = 2147483647;
			files = (
			);
			runOnlyForDeploymentPostprocessing = 0;
		};
/* End PBXFrameworksBuildPhase section */

/* Begin PBXGroup section */
		5F0D5FDD2739AC2300D0A975 = {
			isa = PBXGroup;
			children = (
				5F7787CC274A649000BE7BB2 /* CoreData */,
				5F0D5FE82739AC2400D0A975 /* MVPA Workout */,
				5F0D5FF92739AC2700D0A975 /* MVPA WorkoutTests */,
				5F0D60032739AC2700D0A975 /* MVPA WorkoutUITests */,
				5F0D600E2739AC2700D0A975 /* MVPA Workout WatchKit App */,
				5F0D60192739AC2900D0A975 /* MVPA Workout WatchKit Extension */,
				5F0D60322739AC2A00D0A975 /* MVPA Workout WatchKit AppTests */,
				5F0D603C2739AC2A00D0A975 /* MVPA Workout WatchKit AppUITests */,
				5F0D5FE72739AC2400D0A975 /* Products */,
				5F0D6069273A241C00D0A975 /* Frameworks */,
			);
			sourceTree = "<group>";
		};
		5F0D5FE72739AC2400D0A975 /* Products */ = {
			isa = PBXGroup;
			children = (
				5F0D5FE62739AC2400D0A975 /* MVPA Workout.app */,
				5F0D5FF62739AC2700D0A975 /* MVPA WorkoutTests.xctest */,
				5F0D60002739AC2700D0A975 /* MVPA WorkoutUITests.xctest */,
				5F0D600A2739AC2700D0A975 /* MVPA Workout WatchKit App.app */,
				5F0D60152739AC2900D0A975 /* MVPA Workout WatchKit Extension.appex */,
				5F0D602F2739AC2A00D0A975 /* MVPA Workout WatchKit AppTests.xctest */,
				5F0D60392739AC2A00D0A975 /* MVPA Workout WatchKit AppUITests.xctest */,
			);
			name = Products;
			sourceTree = "<group>";
		};
		5F0D5FE82739AC2400D0A975 /* MVPA Workout */ = {
			isa = PBXGroup;
			children = (
				5F76BAE1275AA5B4008FA496 /* MVPA Workout.entitlements */,
				5F76BAE02759B725008FA496 /* MVPA-Workout-Info.plist */,
				5F0D5FE92739AC2400D0A975 /* MVPA_WorkoutApp.swift */,
				5FCE5E5D27E6A9C400107A59 /* DataSelection */,
				5FCE5E5E27E6AA2200107A59 /* People */,
				5FCE5E6027E6ABF000107A59 /* UnassignedData */,
				5FCE5E5F27E6ABDF00107A59 /* Util */,
				5FD9536D2748E00100F51810 /* Activity.xcdatamodeld */,
				5F0D5FED2739AC2600D0A975 /* Assets.xcassets */,
				5F272F242759A0FE00D11D27 /* Info.plist */,
				5F0D5FEF2739AC2600D0A975 /* Preview Content */,
			);
			path = "MVPA Workout";
			sourceTree = "<group>";
		};
		5F0D5FEF2739AC2600D0A975 /* Preview Content */ = {
			isa = PBXGroup;
			children = (
				5F0D5FF02739AC2600D0A975 /* Preview Assets.xcassets */,
			);
			path = "Preview Content";
			sourceTree = "<group>";
		};
		5F0D5FF92739AC2700D0A975 /* MVPA WorkoutTests */ = {
			isa = PBXGroup;
			children = (
				5F0D5FFA2739AC2700D0A975 /* MVPA_WorkoutTests.swift */,
			);
			path = "MVPA WorkoutTests";
			sourceTree = "<group>";
		};
		5F0D60032739AC2700D0A975 /* MVPA WorkoutUITests */ = {
			isa = PBXGroup;
			children = (
				5F0D60042739AC2700D0A975 /* MVPA_WorkoutUITests.swift */,
				5F0D60062739AC2700D0A975 /* MVPA_WorkoutUITestsLaunchTests.swift */,
			);
			path = "MVPA WorkoutUITests";
			sourceTree = "<group>";
		};
		5F0D600E2739AC2700D0A975 /* MVPA Workout WatchKit App */ = {
			isa = PBXGroup;
			children = (
				5F0D600F2739AC2900D0A975 /* Assets.xcassets */,
			);
			path = "MVPA Workout WatchKit App";
			sourceTree = "<group>";
		};
		5F0D60192739AC2900D0A975 /* MVPA Workout WatchKit Extension */ = {
			isa = PBXGroup;
			children = (
				5F0D601A2739AC2900D0A975 /* MVPA_WorkoutApp.swift */,
				5F0D601C2739AC2900D0A975 /* TargetSelectionView.swift */,
				5F0D60602739ADDA00D0A975 /* WorkoutManager.swift */,
				5F0D605A2739AD0700D0A975 /* Activity ControllerView.swift */,
				5F0D605C2739AD3200D0A975 /* UserDefaultsController.swift */,
				5F7D7B19273A2B2300FA0FCA /* PhoneConnector.swift */,
				5F0D601E2739AC2900D0A975 /* NotificationController.swift */,
				5F0D60202739AC2900D0A975 /* NotificationView.swift */,
				5F0D60222739AC2900D0A975 /* ComplicationController.swift */,
				5F0D60242739AC2A00D0A975 /* Assets.xcassets */,
				5F0D6068273A241C00D0A975 /* MVPA Workout WatchKit Extension.entitlements */,
				5F0D602A2739AC2A00D0A975 /* PushNotificationPayload.apns */,
				5FADD1422759A64300CD0EE5 /* Info.plist */,
				5F0D60262739AC2A00D0A975 /* Preview Content */,
			);
			path = "MVPA Workout WatchKit Extension";
			sourceTree = "<group>";
		};
		5F0D60262739AC2A00D0A975 /* Preview Content */ = {
			isa = PBXGroup;
			children = (
				5F0D60272739AC2A00D0A975 /* Preview Assets.xcassets */,
			);
			path = "Preview Content";
			sourceTree = "<group>";
		};
		5F0D60322739AC2A00D0A975 /* MVPA Workout WatchKit AppTests */ = {
			isa = PBXGroup;
			children = (
				5F0D60332739AC2A00D0A975 /* MVPA_Workout_WatchKit_AppTests.swift */,
			);
			path = "MVPA Workout WatchKit AppTests";
			sourceTree = "<group>";
		};
		5F0D603C2739AC2A00D0A975 /* MVPA Workout WatchKit AppUITests */ = {
			isa = PBXGroup;
			children = (
				5F0D603D2739AC2A00D0A975 /* MVPA_Workout_WatchKit_AppUITests.swift */,
				5F0D603F2739AC2A00D0A975 /* MVPA_Workout_WatchKit_AppUITestsLaunchTests.swift */,
			);
			path = "MVPA Workout WatchKit AppUITests";
			sourceTree = "<group>";
		};
		5F0D6069273A241C00D0A975 /* Frameworks */ = {
			isa = PBXGroup;
			children = (
				5F76BAE2275AA5B4008FA496 /* HealthKit.framework */,
				5F0D606A273A241C00D0A975 /* HealthKit.framework */,
			);
			name = Frameworks;
			sourceTree = "<group>";
		};
		5F7787CC274A649000BE7BB2 /* CoreData */ = {
			isa = PBXGroup;
			children = (
				5FAD77FD27FBD0C700E0E84A /* HRMax+CoreDataClass.swift */,
				5FAD77FF27FBD12E00E0E84A /* HRMax+CoreDataProperties.swift */,
				5F7787C0274A648300BE7BB2 /* BPM+CoreDataClass.swift */,
				5F7787C1274A648300BE7BB2 /* BPM+CoreDataProperties.swift */,
				5F7787C2274A648300BE7BB2 /* Activity+CoreDataClass.swift */,
				5F7787C3274A648300BE7BB2 /* Activity+CoreDataProperties.swift */,
				5F7787C4274A648300BE7BB2 /* User+CoreDataClass.swift */,
				5F7787C5274A648300BE7BB2 /* User+CoreDataProperties.swift */,
			);
			path = CoreData;
			sourceTree = "<group>";
		};
		5FCE5E5D27E6A9C400107A59 /* DataSelection */ = {
			isa = PBXGroup;
			children = (
				5F0D5FEB2739AC2400D0A975 /* DataSelectionView.swift */,
				5F5E23EA273C585900A73CC2 /* WorkoutView.swift */,
				5F8FBFAD273C80560057993A /* WorkoutDetailsView.swift */,
				5F8FBFAF273C80AB0057993A /* BpmChart.swift */,
			);
			path = DataSelection;
			sourceTree = "<group>";
		};
		5FCE5E5E27E6AA2200107A59 /* People */ = {
			isa = PBXGroup;
			children = (
				5FD9537227494A8800F51810 /* PeopleView.swift */,
				5FD953742749628700F51810 /* PeopleDetailsView.swift */,
				5FAD77F927FB53F900E0E84A /* HRMax alert.swift */,
			);
			path = People;
			sourceTree = "<group>";
		};
		5FCE5E5F27E6ABDF00107A59 /* Util */ = {
			isa = PBXGroup;
			children = (
				5F8FBFB1273C83B30057993A /* WorkoutData.swift */,
				5F0D60622739DAB200D0A975 /* WatchConnector.swift */,
				5FD953702748E0F600F51810 /* Persistence.swift */,
				5F0D605E2739AD5C00D0A975 /* MyExtensions.swift */,
				5FCE5E6127E7D8AD00107A59 /* UserDefaultsController.swift */,
				5FCE5E6527E80B2A00107A59 /* HealthKitController.swift */,
			);
			path = Util;
			sourceTree = "<group>";
		};
		5FCE5E6027E6ABF000107A59 /* UnassignedData */ = {
			isa = PBXGroup;
			children = (
				5F567C042755718B00AC8DFF /* UnassignedDataView.swift */,
				5FCE5E6327E7E44E00107A59 /* AssigneePickerView.swift */,
			);
			path = UnassignedData;
			sourceTree = "<group>";
		};
/* End PBXGroup section */

/* Begin PBXNativeTarget section */
		5F0D5FE52739AC2400D0A975 /* MVPA Workout */ = {
			isa = PBXNativeTarget;
			buildConfigurationList = 5F0D604B2739AC2A00D0A975 /* Build configuration list for PBXNativeTarget "MVPA Workout" */;
			buildPhases = (
				5F0D5FE22739AC2400D0A975 /* Sources */,
				5F0D5FE32739AC2400D0A975 /* Frameworks */,
				5F0D5FE42739AC2400D0A975 /* Resources */,
				5F0D604A2739AC2A00D0A975 /* Embed Watch Content */,
			);
			buildRules = (
			);
			dependencies = (
				5F0D600D2739AC2700D0A975 /* PBXTargetDependency */,
			);
			name = "MVPA Workout";
			productName = "MVPA Workout";
			productReference = 5F0D5FE62739AC2400D0A975 /* MVPA Workout.app */;
			productType = "com.apple.product-type.application";
		};
		5F0D5FF52739AC2700D0A975 /* MVPA WorkoutTests */ = {
			isa = PBXNativeTarget;
			buildConfigurationList = 5F0D604E2739AC2A00D0A975 /* Build configuration list for PBXNativeTarget "MVPA WorkoutTests" */;
			buildPhases = (
				5F0D5FF22739AC2700D0A975 /* Sources */,
				5F0D5FF32739AC2700D0A975 /* Frameworks */,
				5F0D5FF42739AC2700D0A975 /* Resources */,
			);
			buildRules = (
			);
			dependencies = (
				5F0D5FF82739AC2700D0A975 /* PBXTargetDependency */,
			);
			name = "MVPA WorkoutTests";
			productName = "MVPA WorkoutTests";
			productReference = 5F0D5FF62739AC2700D0A975 /* MVPA WorkoutTests.xctest */;
			productType = "com.apple.product-type.bundle.unit-test";
		};
		5F0D5FFF2739AC2700D0A975 /* MVPA WorkoutUITests */ = {
			isa = PBXNativeTarget;
			buildConfigurationList = 5F0D60512739AC2A00D0A975 /* Build configuration list for PBXNativeTarget "MVPA WorkoutUITests" */;
			buildPhases = (
				5F0D5FFC2739AC2700D0A975 /* Sources */,
				5F0D5FFD2739AC2700D0A975 /* Frameworks */,
				5F0D5FFE2739AC2700D0A975 /* Resources */,
			);
			buildRules = (
			);
			dependencies = (
				5F0D60022739AC2700D0A975 /* PBXTargetDependency */,
			);
			name = "MVPA WorkoutUITests";
			productName = "MVPA WorkoutUITests";
			productReference = 5F0D60002739AC2700D0A975 /* MVPA WorkoutUITests.xctest */;
			productType = "com.apple.product-type.bundle.ui-testing";
		};
		5F0D60092739AC2700D0A975 /* MVPA Workout WatchKit App */ = {
			isa = PBXNativeTarget;
			buildConfigurationList = 5F0D60472739AC2A00D0A975 /* Build configuration list for PBXNativeTarget "MVPA Workout WatchKit App" */;
			buildPhases = (
				5F0D60082739AC2700D0A975 /* Resources */,
				5F0D60462739AC2A00D0A975 /* Embed App Extensions */,
			);
			buildRules = (
			);
			dependencies = (
				5F0D60182739AC2900D0A975 /* PBXTargetDependency */,
			);
			name = "MVPA Workout WatchKit App";
			productName = "MVPA Workout WatchKit App";
			productReference = 5F0D600A2739AC2700D0A975 /* MVPA Workout WatchKit App.app */;
			productType = "com.apple.product-type.application.watchapp2";
		};
		5F0D60142739AC2900D0A975 /* MVPA Workout WatchKit Extension */ = {
			isa = PBXNativeTarget;
			buildConfigurationList = 5F0D60432739AC2A00D0A975 /* Build configuration list for PBXNativeTarget "MVPA Workout WatchKit Extension" */;
			buildPhases = (
				5F0D60112739AC2900D0A975 /* Sources */,
				5F0D60122739AC2900D0A975 /* Frameworks */,
				5F0D60132739AC2900D0A975 /* Resources */,
			);
			buildRules = (
			);
			dependencies = (
			);
			name = "MVPA Workout WatchKit Extension";
			productName = "MVPA Workout WatchKit Extension";
			productReference = 5F0D60152739AC2900D0A975 /* MVPA Workout WatchKit Extension.appex */;
			productType = "com.apple.product-type.watchkit2-extension";
		};
		5F0D602E2739AC2A00D0A975 /* MVPA Workout WatchKit AppTests */ = {
			isa = PBXNativeTarget;
			buildConfigurationList = 5F0D60542739AC2A00D0A975 /* Build configuration list for PBXNativeTarget "MVPA Workout WatchKit AppTests" */;
			buildPhases = (
				5F0D602B2739AC2A00D0A975 /* Sources */,
				5F0D602C2739AC2A00D0A975 /* Frameworks */,
				5F0D602D2739AC2A00D0A975 /* Resources */,
			);
			buildRules = (
			);
			dependencies = (
				5F0D60312739AC2A00D0A975 /* PBXTargetDependency */,
			);
			name = "MVPA Workout WatchKit AppTests";
			productName = "MVPA Workout WatchKit AppTests";
			productReference = 5F0D602F2739AC2A00D0A975 /* MVPA Workout WatchKit AppTests.xctest */;
			productType = "com.apple.product-type.bundle.unit-test";
		};
		5F0D60382739AC2A00D0A975 /* MVPA Workout WatchKit AppUITests */ = {
			isa = PBXNativeTarget;
			buildConfigurationList = 5F0D60572739AC2A00D0A975 /* Build configuration list for PBXNativeTarget "MVPA Workout WatchKit AppUITests" */;
			buildPhases = (
				5F0D60352739AC2A00D0A975 /* Sources */,
				5F0D60362739AC2A00D0A975 /* Frameworks */,
				5F0D60372739AC2A00D0A975 /* Resources */,
			);
			buildRules = (
			);
			dependencies = (
				5F0D603B2739AC2A00D0A975 /* PBXTargetDependency */,
			);
			name = "MVPA Workout WatchKit AppUITests";
			productName = "MVPA Workout WatchKit AppUITests";
			productReference = 5F0D60392739AC2A00D0A975 /* MVPA Workout WatchKit AppUITests.xctest */;
			productType = "com.apple.product-type.bundle.ui-testing";
		};
/* End PBXNativeTarget section */

/* Begin PBXProject section */
		5F0D5FDE2739AC2300D0A975 /* Project object */ = {
			isa = PBXProject;
			attributes = {
				BuildIndependentTargetsInParallel = 1;
				LastSwiftUpdateCheck = 1310;
				LastUpgradeCheck = 1310;
				TargetAttributes = {
					5F0D5FE52739AC2400D0A975 = {
						CreatedOnToolsVersion = 13.1;
					};
					5F0D5FF52739AC2700D0A975 = {
						CreatedOnToolsVersion = 13.1;
						TestTargetID = 5F0D5FE52739AC2400D0A975;
					};
					5F0D5FFF2739AC2700D0A975 = {
						CreatedOnToolsVersion = 13.1;
						TestTargetID = 5F0D5FE52739AC2400D0A975;
					};
					5F0D60092739AC2700D0A975 = {
						CreatedOnToolsVersion = 13.1;
					};
					5F0D60142739AC2900D0A975 = {
						CreatedOnToolsVersion = 13.1;
					};
					5F0D602E2739AC2A00D0A975 = {
						CreatedOnToolsVersion = 13.1;
						TestTargetID = 5F0D60142739AC2900D0A975;
					};
					5F0D60382739AC2A00D0A975 = {
						CreatedOnToolsVersion = 13.1;
						TestTargetID = 5F0D60092739AC2700D0A975;
					};
				};
			};
			buildConfigurationList = 5F0D5FE12739AC2300D0A975 /* Build configuration list for PBXProject "MVPA Workout" */;
			compatibilityVersion = "Xcode 13.0";
			developmentRegion = en;
			hasScannedForEncodings = 0;
			knownRegions = (
				en,
				Base,
			);
			mainGroup = 5F0D5FDD2739AC2300D0A975;
			productRefGroup = 5F0D5FE72739AC2400D0A975 /* Products */;
			projectDirPath = "";
			projectRoot = "";
			targets = (
				5F0D5FE52739AC2400D0A975 /* MVPA Workout */,
				5F0D5FF52739AC2700D0A975 /* MVPA WorkoutTests */,
				5F0D5FFF2739AC2700D0A975 /* MVPA WorkoutUITests */,
				5F0D60092739AC2700D0A975 /* MVPA Workout WatchKit App */,
				5F0D60142739AC2900D0A975 /* MVPA Workout WatchKit Extension */,
				5F0D602E2739AC2A00D0A975 /* MVPA Workout WatchKit AppTests */,
				5F0D60382739AC2A00D0A975 /* MVPA Workout WatchKit AppUITests */,
			);
		};
/* End PBXProject section */

/* Begin PBXResourcesBuildPhase section */
		5F0D5FE42739AC2400D0A975 /* Resources */ = {
			isa = PBXResourcesBuildPhase;
			buildActionMask = 2147483647;
			files = (
				5F0D5FF12739AC2600D0A975 /* Preview Assets.xcassets in Resources */,
				5F0D5FEE2739AC2600D0A975 /* Assets.xcassets in Resources */,
			);
			runOnlyForDeploymentPostprocessing = 0;
		};
		5F0D5FF42739AC2700D0A975 /* Resources */ = {
			isa = PBXResourcesBuildPhase;
			buildActionMask = 2147483647;
			files = (
			);
			runOnlyForDeploymentPostprocessing = 0;
		};
		5F0D5FFE2739AC2700D0A975 /* Resources */ = {
			isa = PBXResourcesBuildPhase;
			buildActionMask = 2147483647;
			files = (
			);
			runOnlyForDeploymentPostprocessing = 0;
		};
		5F0D60082739AC2700D0A975 /* Resources */ = {
			isa = PBXResourcesBuildPhase;
			buildActionMask = 2147483647;
			files = (
				5F7787B22749ED8B00BE7BB2 /* Assets.xcassets in Resources */,
				5F0D60102739AC2900D0A975 /* Assets.xcassets in Resources */,
			);
			runOnlyForDeploymentPostprocessing = 0;
		};
		5F0D60132739AC2900D0A975 /* Resources */ = {
			isa = PBXResourcesBuildPhase;
			buildActionMask = 2147483647;
			files = (
				5F0D60282739AC2A00D0A975 /* Preview Assets.xcassets in Resources */,
				5F0D60252739AC2A00D0A975 /* Assets.xcassets in Resources */,
			);
			runOnlyForDeploymentPostprocessing = 0;
		};
		5F0D602D2739AC2A00D0A975 /* Resources */ = {
			isa = PBXResourcesBuildPhase;
			buildActionMask = 2147483647;
			files = (
			);
			runOnlyForDeploymentPostprocessing = 0;
		};
		5F0D60372739AC2A00D0A975 /* Resources */ = {
			isa = PBXResourcesBuildPhase;
			buildActionMask = 2147483647;
			files = (
			);
			runOnlyForDeploymentPostprocessing = 0;
		};
/* End PBXResourcesBuildPhase section */

/* Begin PBXSourcesBuildPhase section */
		5F0D5FE22739AC2400D0A975 /* Sources */ = {
			isa = PBXSourcesBuildPhase;
			buildActionMask = 2147483647;
			files = (
				5FAD77FE27FBD0C700E0E84A /* HRMax+CoreDataClass.swift in Sources */,
				5FD953712748E0F600F51810 /* Persistence.swift in Sources */,
				5F7787C8274A648300BE7BB2 /* Activity+CoreDataClass.swift in Sources */,
				5FD9537327494A8800F51810 /* PeopleView.swift in Sources */,
				5F7787C6274A648300BE7BB2 /* BPM+CoreDataClass.swift in Sources */,
				5F8FBFB0273C80AB0057993A /* BpmChart.swift in Sources */,
				5F7787BF274A548700BE7BB2 /* MyExtensions.swift in Sources */,
				5F7787C7274A648300BE7BB2 /* BPM+CoreDataProperties.swift in Sources */,
				5FCE5E6227E7D8AD00107A59 /* UserDefaultsController.swift in Sources */,
				5F0D5FEC2739AC2400D0A975 /* DataSelectionView.swift in Sources */,
				5F7787CB274A648300BE7BB2 /* User+CoreDataProperties.swift in Sources */,
				5F7787CA274A648300BE7BB2 /* User+CoreDataClass.swift in Sources */,
				5FD9536F2748E00100F51810 /* Activity.xcdatamodeld in Sources */,
				5F0D60632739DAB200D0A975 /* WatchConnector.swift in Sources */,
				5FD953752749628700F51810 /* PeopleDetailsView.swift in Sources */,
				5FCE5E6427E7E44E00107A59 /* AssigneePickerView.swift in Sources */,
				5F567C052755718B00AC8DFF /* UnassignedDataView.swift in Sources */,
				5F5E23EB273C585900A73CC2 /* WorkoutView.swift in Sources */,
				5F7787C9274A648300BE7BB2 /* Activity+CoreDataProperties.swift in Sources */,
				5FCE5E6627E80B2A00107A59 /* HealthKitController.swift in Sources */,
				5F8FBFB2273C83B30057993A /* WorkoutData.swift in Sources */,
				5F8FBFAE273C80560057993A /* WorkoutDetailsView.swift in Sources */,
				5F0D5FEA2739AC2400D0A975 /* MVPA_WorkoutApp.swift in Sources */,
				5FAD780027FBD12E00E0E84A /* HRMax+CoreDataProperties.swift in Sources */,
				5FAD77FA27FB53F900E0E84A /* HRMax alert.swift in Sources */,
			);
			runOnlyForDeploymentPostprocessing = 0;
		};
		5F0D5FF22739AC2700D0A975 /* Sources */ = {
			isa = PBXSourcesBuildPhase;
			buildActionMask = 2147483647;
			files = (
				5F0D5FFB2739AC2700D0A975 /* MVPA_WorkoutTests.swift in Sources */,
			);
			runOnlyForDeploymentPostprocessing = 0;
		};
		5F0D5FFC2739AC2700D0A975 /* Sources */ = {
			isa = PBXSourcesBuildPhase;
			buildActionMask = 2147483647;
			files = (
				5F0D60072739AC2700D0A975 /* MVPA_WorkoutUITestsLaunchTests.swift in Sources */,
				5F0D60052739AC2700D0A975 /* MVPA_WorkoutUITests.swift in Sources */,
			);
			runOnlyForDeploymentPostprocessing = 0;
		};
		5F0D60112739AC2900D0A975 /* Sources */ = {
			isa = PBXSourcesBuildPhase;
			buildActionMask = 2147483647;
			files = (
				5F0D605B2739AD0700D0A975 /* Activity ControllerView.swift in Sources */,
				5F0D601F2739AC2900D0A975 /* NotificationController.swift in Sources */,
				5F0D60612739ADDA00D0A975 /* WorkoutManager.swift in Sources */,
				5F0D601D2739AC2900D0A975 /* TargetSelectionView.swift in Sources */,
				5F0D605F2739AD5C00D0A975 /* MyExtensions.swift in Sources */,
				5F0D605D2739AD3200D0A975 /* UserDefaultsController.swift in Sources */,
				5F7D7B1A273A2B2300FA0FCA /* PhoneConnector.swift in Sources */,
				5F0D60232739AC2900D0A975 /* ComplicationController.swift in Sources */,
				5F0D601B2739AC2900D0A975 /* MVPA_WorkoutApp.swift in Sources */,
				5F0D60212739AC2900D0A975 /* NotificationView.swift in Sources */,
			);
			runOnlyForDeploymentPostprocessing = 0;
		};
		5F0D602B2739AC2A00D0A975 /* Sources */ = {
			isa = PBXSourcesBuildPhase;
			buildActionMask = 2147483647;
			files = (
				5F0D60342739AC2A00D0A975 /* MVPA_Workout_WatchKit_AppTests.swift in Sources */,
			);
			runOnlyForDeploymentPostprocessing = 0;
		};
		5F0D60352739AC2A00D0A975 /* Sources */ = {
			isa = PBXSourcesBuildPhase;
			buildActionMask = 2147483647;
			files = (
				5F0D603E2739AC2A00D0A975 /* MVPA_Workout_WatchKit_AppUITests.swift in Sources */,
				5F0D60402739AC2A00D0A975 /* MVPA_Workout_WatchKit_AppUITestsLaunchTests.swift in Sources */,
			);
			runOnlyForDeploymentPostprocessing = 0;
		};
/* End PBXSourcesBuildPhase section */

/* Begin PBXTargetDependency section */
		5F0D5FF82739AC2700D0A975 /* PBXTargetDependency */ = {
			isa = PBXTargetDependency;
			target = 5F0D5FE52739AC2400D0A975 /* MVPA Workout */;
			targetProxy = 5F0D5FF72739AC2700D0A975 /* PBXContainerItemProxy */;
		};
		5F0D60022739AC2700D0A975 /* PBXTargetDependency */ = {
			isa = PBXTargetDependency;
			target = 5F0D5FE52739AC2400D0A975 /* MVPA Workout */;
			targetProxy = 5F0D60012739AC2700D0A975 /* PBXContainerItemProxy */;
		};
		5F0D600D2739AC2700D0A975 /* PBXTargetDependency */ = {
			isa = PBXTargetDependency;
			target = 5F0D60092739AC2700D0A975 /* MVPA Workout WatchKit App */;
			targetProxy = 5F0D600C2739AC2700D0A975 /* PBXContainerItemProxy */;
		};
		5F0D60182739AC2900D0A975 /* PBXTargetDependency */ = {
			isa = PBXTargetDependency;
			target = 5F0D60142739AC2900D0A975 /* MVPA Workout WatchKit Extension */;
			targetProxy = 5F0D60172739AC2900D0A975 /* PBXContainerItemProxy */;
		};
		5F0D60312739AC2A00D0A975 /* PBXTargetDependency */ = {
			isa = PBXTargetDependency;
			target = 5F0D60142739AC2900D0A975 /* MVPA Workout WatchKit Extension */;
			targetProxy = 5F0D60302739AC2A00D0A975 /* PBXContainerItemProxy */;
		};
		5F0D603B2739AC2A00D0A975 /* PBXTargetDependency */ = {
			isa = PBXTargetDependency;
			target = 5F0D60092739AC2700D0A975 /* MVPA Workout WatchKit App */;
			targetProxy = 5F0D603A2739AC2A00D0A975 /* PBXContainerItemProxy */;
		};
/* End PBXTargetDependency section */

/* Begin XCBuildConfiguration section */
		5F0D60412739AC2A00D0A975 /* Debug */ = {
			isa = XCBuildConfiguration;
			buildSettings = {
				ALWAYS_SEARCH_USER_PATHS = NO;
				CLANG_ANALYZER_NONNULL = YES;
				CLANG_ANALYZER_NUMBER_OBJECT_CONVERSION = YES_AGGRESSIVE;
				CLANG_CXX_LANGUAGE_STANDARD = "gnu++17";
				CLANG_CXX_LIBRARY = "libc++";
				CLANG_ENABLE_MODULES = YES;
				CLANG_ENABLE_OBJC_ARC = YES;
				CLANG_ENABLE_OBJC_WEAK = YES;
				CLANG_WARN_BLOCK_CAPTURE_AUTORELEASING = YES;
				CLANG_WARN_BOOL_CONVERSION = YES;
				CLANG_WARN_COMMA = YES;
				CLANG_WARN_CONSTANT_CONVERSION = YES;
				CLANG_WARN_DEPRECATED_OBJC_IMPLEMENTATIONS = YES;
				CLANG_WARN_DIRECT_OBJC_ISA_USAGE = YES_ERROR;
				CLANG_WARN_DOCUMENTATION_COMMENTS = YES;
				CLANG_WARN_EMPTY_BODY = YES;
				CLANG_WARN_ENUM_CONVERSION = YES;
				CLANG_WARN_INFINITE_RECURSION = YES;
				CLANG_WARN_INT_CONVERSION = YES;
				CLANG_WARN_NON_LITERAL_NULL_CONVERSION = YES;
				CLANG_WARN_OBJC_IMPLICIT_RETAIN_SELF = YES;
				CLANG_WARN_OBJC_LITERAL_CONVERSION = YES;
				CLANG_WARN_OBJC_ROOT_CLASS = YES_ERROR;
				CLANG_WARN_QUOTED_INCLUDE_IN_FRAMEWORK_HEADER = YES;
				CLANG_WARN_RANGE_LOOP_ANALYSIS = YES;
				CLANG_WARN_STRICT_PROTOTYPES = YES;
				CLANG_WARN_SUSPICIOUS_MOVE = YES;
				CLANG_WARN_UNGUARDED_AVAILABILITY = YES_AGGRESSIVE;
				CLANG_WARN_UNREACHABLE_CODE = YES;
				CLANG_WARN__DUPLICATE_METHOD_MATCH = YES;
				COPY_PHASE_STRIP = NO;
				DEBUG_INFORMATION_FORMAT = dwarf;
				ENABLE_STRICT_OBJC_MSGSEND = YES;
				ENABLE_TESTABILITY = YES;
				GCC_C_LANGUAGE_STANDARD = gnu11;
				GCC_DYNAMIC_NO_PIC = NO;
				GCC_NO_COMMON_BLOCKS = YES;
				GCC_OPTIMIZATION_LEVEL = 0;
				GCC_PREPROCESSOR_DEFINITIONS = (
					"DEBUG=1",
					"$(inherited)",
				);
				GCC_WARN_64_TO_32_BIT_CONVERSION = YES;
				GCC_WARN_ABOUT_RETURN_TYPE = YES_ERROR;
				GCC_WARN_UNDECLARED_SELECTOR = YES;
				GCC_WARN_UNINITIALIZED_AUTOS = YES_AGGRESSIVE;
				GCC_WARN_UNUSED_FUNCTION = YES;
				GCC_WARN_UNUSED_VARIABLE = YES;
				MTL_ENABLE_DEBUG_INFO = INCLUDE_SOURCE;
				MTL_FAST_MATH = YES;
				ONLY_ACTIVE_ARCH = YES;
				SWIFT_ACTIVE_COMPILATION_CONDITIONS = DEBUG;
				SWIFT_OPTIMIZATION_LEVEL = "-Onone";
			};
			name = Debug;
		};
		5F0D60422739AC2A00D0A975 /* Release */ = {
			isa = XCBuildConfiguration;
			buildSettings = {
				ALWAYS_SEARCH_USER_PATHS = NO;
				CLANG_ANALYZER_NONNULL = YES;
				CLANG_ANALYZER_NUMBER_OBJECT_CONVERSION = YES_AGGRESSIVE;
				CLANG_CXX_LANGUAGE_STANDARD = "gnu++17";
				CLANG_CXX_LIBRARY = "libc++";
				CLANG_ENABLE_MODULES = YES;
				CLANG_ENABLE_OBJC_ARC = YES;
				CLANG_ENABLE_OBJC_WEAK = YES;
				CLANG_WARN_BLOCK_CAPTURE_AUTORELEASING = YES;
				CLANG_WARN_BOOL_CONVERSION = YES;
				CLANG_WARN_COMMA = YES;
				CLANG_WARN_CONSTANT_CONVERSION = YES;
				CLANG_WARN_DEPRECATED_OBJC_IMPLEMENTATIONS = YES;
				CLANG_WARN_DIRECT_OBJC_ISA_USAGE = YES_ERROR;
				CLANG_WARN_DOCUMENTATION_COMMENTS = YES;
				CLANG_WARN_EMPTY_BODY = YES;
				CLANG_WARN_ENUM_CONVERSION = YES;
				CLANG_WARN_INFINITE_RECURSION = YES;
				CLANG_WARN_INT_CONVERSION = YES;
				CLANG_WARN_NON_LITERAL_NULL_CONVERSION = YES;
				CLANG_WARN_OBJC_IMPLICIT_RETAIN_SELF = YES;
				CLANG_WARN_OBJC_LITERAL_CONVERSION = YES;
				CLANG_WARN_OBJC_ROOT_CLASS = YES_ERROR;
				CLANG_WARN_QUOTED_INCLUDE_IN_FRAMEWORK_HEADER = YES;
				CLANG_WARN_RANGE_LOOP_ANALYSIS = YES;
				CLANG_WARN_STRICT_PROTOTYPES = YES;
				CLANG_WARN_SUSPICIOUS_MOVE = YES;
				CLANG_WARN_UNGUARDED_AVAILABILITY = YES_AGGRESSIVE;
				CLANG_WARN_UNREACHABLE_CODE = YES;
				CLANG_WARN__DUPLICATE_METHOD_MATCH = YES;
				COPY_PHASE_STRIP = NO;
				DEBUG_INFORMATION_FORMAT = "dwarf-with-dsym";
				ENABLE_NS_ASSERTIONS = NO;
				ENABLE_STRICT_OBJC_MSGSEND = YES;
				GCC_C_LANGUAGE_STANDARD = gnu11;
				GCC_NO_COMMON_BLOCKS = YES;
				GCC_WARN_64_TO_32_BIT_CONVERSION = YES;
				GCC_WARN_ABOUT_RETURN_TYPE = YES_ERROR;
				GCC_WARN_UNDECLARED_SELECTOR = YES;
				GCC_WARN_UNINITIALIZED_AUTOS = YES_AGGRESSIVE;
				GCC_WARN_UNUSED_FUNCTION = YES;
				GCC_WARN_UNUSED_VARIABLE = YES;
				MTL_ENABLE_DEBUG_INFO = NO;
				MTL_FAST_MATH = YES;
				SWIFT_COMPILATION_MODE = wholemodule;
				SWIFT_OPTIMIZATION_LEVEL = "-O";
			};
			name = Release;
		};
		5F0D60442739AC2A00D0A975 /* Debug */ = {
			isa = XCBuildConfiguration;
			buildSettings = {
				ASSETCATALOG_COMPILER_COMPLICATION_NAME = Complication;
				CODE_SIGN_ENTITLEMENTS = "MVPA Workout WatchKit Extension/MVPA Workout WatchKit Extension.entitlements";
				CODE_SIGN_STYLE = Automatic;
				CURRENT_PROJECT_VERSION = 1;
				DEVELOPMENT_ASSET_PATHS = "\"MVPA Workout WatchKit Extension/Preview Content\"";
				DEVELOPMENT_TEAM = 5973QV84GB;
				ENABLE_PREVIEWS = YES;
				GENERATE_INFOPLIST_FILE = YES;
				INFOPLIST_FILE = "MVPA Workout WatchKit Extension/Info.plist";
				INFOPLIST_KEY_CFBundleDisplayName = "MVPA Workout WatchKit Extension";
				INFOPLIST_KEY_CLKComplicationPrincipalClass = "$(PRODUCT_MODULE_NAME).ComplicationController";
				INFOPLIST_KEY_NSHumanReadableCopyright = "";
				INFOPLIST_KEY_WKRunsIndependentlyOfCompanionApp = YES;
				LD_RUNPATH_SEARCH_PATHS = (
					"$(inherited)",
					"@executable_path/Frameworks",
					"@executable_path/../../Frameworks",
				);
				MARKETING_VERSION = 1.0;
				PRODUCT_BUNDLE_IDENTIFIER = "Com.AlexHerrin.MVPA-Workout.watchkitapp.watchkitextension";
				PRODUCT_NAME = "${TARGET_NAME}";
				SDKROOT = watchos;
				SKIP_INSTALL = YES;
				SWIFT_EMIT_LOC_STRINGS = YES;
				SWIFT_VERSION = 5.0;
				TARGETED_DEVICE_FAMILY = 4;
				WATCHOS_DEPLOYMENT_TARGET = 8.0;
			};
			name = Debug;
		};
		5F0D60452739AC2A00D0A975 /* Release */ = {
			isa = XCBuildConfiguration;
			buildSettings = {
				ASSETCATALOG_COMPILER_COMPLICATION_NAME = Complication;
				CODE_SIGN_ENTITLEMENTS = "MVPA Workout WatchKit Extension/MVPA Workout WatchKit Extension.entitlements";
				CODE_SIGN_STYLE = Automatic;
				CURRENT_PROJECT_VERSION = 1;
				DEVELOPMENT_ASSET_PATHS = "\"MVPA Workout WatchKit Extension/Preview Content\"";
				DEVELOPMENT_TEAM = 5973QV84GB;
				ENABLE_PREVIEWS = YES;
				GENERATE_INFOPLIST_FILE = YES;
				INFOPLIST_FILE = "MVPA Workout WatchKit Extension/Info.plist";
				INFOPLIST_KEY_CFBundleDisplayName = "MVPA Workout WatchKit Extension";
				INFOPLIST_KEY_CLKComplicationPrincipalClass = "$(PRODUCT_MODULE_NAME).ComplicationController";
				INFOPLIST_KEY_NSHumanReadableCopyright = "";
				INFOPLIST_KEY_WKRunsIndependentlyOfCompanionApp = YES;
				LD_RUNPATH_SEARCH_PATHS = (
					"$(inherited)",
					"@executable_path/Frameworks",
					"@executable_path/../../Frameworks",
				);
				MARKETING_VERSION = 1.0;
				PRODUCT_BUNDLE_IDENTIFIER = "Com.AlexHerrin.MVPA-Workout.watchkitapp.watchkitextension";
				PRODUCT_NAME = "${TARGET_NAME}";
				SDKROOT = watchos;
				SKIP_INSTALL = YES;
				SWIFT_EMIT_LOC_STRINGS = YES;
				SWIFT_VERSION = 5.0;
				TARGETED_DEVICE_FAMILY = 4;
				VALIDATE_PRODUCT = YES;
				WATCHOS_DEPLOYMENT_TARGET = 8.0;
			};
			name = Release;
		};
		5F0D60482739AC2A00D0A975 /* Debug */ = {
			isa = XCBuildConfiguration;
			buildSettings = {
				ALWAYS_EMBED_SWIFT_STANDARD_LIBRARIES = YES;
				ASSETCATALOG_COMPILER_APPICON_NAME = AppIcon;
				ASSETCATALOG_COMPILER_GLOBAL_ACCENT_COLOR_NAME = AccentColor;
				CODE_SIGN_STYLE = Automatic;
				CURRENT_PROJECT_VERSION = 1;
				DEVELOPMENT_TEAM = 5973QV84GB;
				GENERATE_INFOPLIST_FILE = YES;
				IBSC_MODULE = MVPA_Workout_WatchKit_Extension;
				INFOPLIST_KEY_CFBundleDisplayName = "MVPA Workout WatchKit App";
				INFOPLIST_KEY_UISupportedInterfaceOrientations = "UIInterfaceOrientationPortrait UIInterfaceOrientationPortraitUpsideDown";
				INFOPLIST_KEY_WKCompanionAppBundleIdentifier = "Com.AlexHerrin.MVPA-Workout";
				MARKETING_VERSION = 1.0;
				PRODUCT_BUNDLE_IDENTIFIER = "Com.AlexHerrin.MVPA-Workout.watchkitapp";
				PRODUCT_NAME = "$(TARGET_NAME)";
				SDKROOT = watchos;
				SKIP_INSTALL = YES;
				SWIFT_EMIT_LOC_STRINGS = YES;
				SWIFT_VERSION = 5.0;
				TARGETED_DEVICE_FAMILY = 4;
				WATCHOS_DEPLOYMENT_TARGET = 8.0;
			};
			name = Debug;
		};
		5F0D60492739AC2A00D0A975 /* Release */ = {
			isa = XCBuildConfiguration;
			buildSettings = {
				ALWAYS_EMBED_SWIFT_STANDARD_LIBRARIES = YES;
				ASSETCATALOG_COMPILER_APPICON_NAME = AppIcon;
				ASSETCATALOG_COMPILER_GLOBAL_ACCENT_COLOR_NAME = AccentColor;
				CODE_SIGN_STYLE = Automatic;
				CURRENT_PROJECT_VERSION = 1;
				DEVELOPMENT_TEAM = 5973QV84GB;
				GENERATE_INFOPLIST_FILE = YES;
				IBSC_MODULE = MVPA_Workout_WatchKit_Extension;
				INFOPLIST_KEY_CFBundleDisplayName = "MVPA Workout WatchKit App";
				INFOPLIST_KEY_UISupportedInterfaceOrientations = "UIInterfaceOrientationPortrait UIInterfaceOrientationPortraitUpsideDown";
				INFOPLIST_KEY_WKCompanionAppBundleIdentifier = "Com.AlexHerrin.MVPA-Workout";
				MARKETING_VERSION = 1.0;
				PRODUCT_BUNDLE_IDENTIFIER = "Com.AlexHerrin.MVPA-Workout.watchkitapp";
				PRODUCT_NAME = "$(TARGET_NAME)";
				SDKROOT = watchos;
				SKIP_INSTALL = YES;
				SWIFT_EMIT_LOC_STRINGS = YES;
				SWIFT_VERSION = 5.0;
				TARGETED_DEVICE_FAMILY = 4;
				VALIDATE_PRODUCT = YES;
				WATCHOS_DEPLOYMENT_TARGET = 8.0;
			};
			name = Release;
		};
		5F0D604C2739AC2A00D0A975 /* Debug */ = {
			isa = XCBuildConfiguration;
			buildSettings = {
				ASSETCATALOG_COMPILER_APPICON_NAME = AppIcon;
				ASSETCATALOG_COMPILER_GLOBAL_ACCENT_COLOR_NAME = AccentColor;
				CODE_SIGN_ENTITLEMENTS = "MVPA Workout/MVPA Workout.entitlements";
				CODE_SIGN_IDENTITY = "Apple Development";
				CODE_SIGN_STYLE = Automatic;
				CURRENT_PROJECT_VERSION = 1;
				DEVELOPMENT_ASSET_PATHS = "\"MVPA Workout/Preview Content\"";
				DEVELOPMENT_TEAM = 5973QV84GB;
				ENABLE_PREVIEWS = YES;
				GENERATE_INFOPLIST_FILE = YES;
				INFOPLIST_FILE = "MVPA-Workout-Info.plist";
				INFOPLIST_KEY_NSHealthShareUsageDescription = "This App shares HeartRate with HealthKit";
				INFOPLIST_KEY_NSHealthUpdateUsageDescription = "This App uses HealthKit to get Heart Rate from patient for Clinical Research Trial. Your Heart Rate will be stored in your secure, personal, Clinical Trial record and will be used to further medical innovation";
				INFOPLIST_KEY_UIApplicationSceneManifest_Generation = YES;
				INFOPLIST_KEY_UIApplicationSupportsIndirectInputEvents = YES;
				INFOPLIST_KEY_UILaunchScreen_Generation = YES;
				INFOPLIST_KEY_UISupportedInterfaceOrientations_iPad = "UIInterfaceOrientationPortrait UIInterfaceOrientationPortraitUpsideDown UIInterfaceOrientationLandscapeLeft UIInterfaceOrientationLandscapeRight";
				INFOPLIST_KEY_UISupportedInterfaceOrientations_iPhone = "UIInterfaceOrientationPortrait UIInterfaceOrientationLandscapeLeft UIInterfaceOrientationLandscapeRight";
				IPHONEOS_DEPLOYMENT_TARGET = 15.0;
				LD_RUNPATH_SEARCH_PATHS = (
					"$(inherited)",
					"@executable_path/Frameworks",
				);
				MARKETING_VERSION = 1.0;
				PRODUCT_BUNDLE_IDENTIFIER = "Com.AlexHerrin.MVPA-Workout";
				PRODUCT_NAME = "$(TARGET_NAME)";
				PROVISIONING_PROFILE_SPECIFIER = "";
				SDKROOT = iphoneos;
				SWIFT_EMIT_LOC_STRINGS = YES;
				SWIFT_VERSION = 5.0;
				TARGETED_DEVICE_FAMILY = "1,2";
			};
			name = Debug;
		};
		5F0D604D2739AC2A00D0A975 /* Release */ = {
			isa = XCBuildConfiguration;
			buildSettings = {
				ASSETCATALOG_COMPILER_APPICON_NAME = AppIcon;
				ASSETCATALOG_COMPILER_GLOBAL_ACCENT_COLOR_NAME = AccentColor;
				CODE_SIGN_ENTITLEMENTS = "MVPA Workout/MVPA Workout.entitlements";
				CODE_SIGN_IDENTITY = "Apple Development";
				CODE_SIGN_STYLE = Automatic;
				CURRENT_PROJECT_VERSION = 1;
				DEVELOPMENT_ASSET_PATHS = "\"MVPA Workout/Preview Content\"";
				DEVELOPMENT_TEAM = 5973QV84GB;
				ENABLE_PREVIEWS = YES;
				GENERATE_INFOPLIST_FILE = YES;
				INFOPLIST_FILE = "MVPA-Workout-Info.plist";
				INFOPLIST_KEY_NSHealthShareUsageDescription = "This App shares HeartRate with HealthKit";
				INFOPLIST_KEY_NSHealthUpdateUsageDescription = "This App uses HealthKit to get Heart Rate from patient for Clinical Research Trial. Your Heart Rate will be stored in your secure, personal, Clinical Trial record and will be used to further medical innovation";
				INFOPLIST_KEY_UIApplicationSceneManifest_Generation = YES;
				INFOPLIST_KEY_UIApplicationSupportsIndirectInputEvents = YES;
				INFOPLIST_KEY_UILaunchScreen_Generation = YES;
				INFOPLIST_KEY_UISupportedInterfaceOrientations_iPad = "UIInterfaceOrientationPortrait UIInterfaceOrientationPortraitUpsideDown UIInterfaceOrientationLandscapeLeft UIInterfaceOrientationLandscapeRight";
				INFOPLIST_KEY_UISupportedInterfaceOrientations_iPhone = "UIInterfaceOrientationPortrait UIInterfaceOrientationLandscapeLeft UIInterfaceOrientationLandscapeRight";
				IPHONEOS_DEPLOYMENT_TARGET = 15.0;
				LD_RUNPATH_SEARCH_PATHS = (
					"$(inherited)",
					"@executable_path/Frameworks",
				);
				MARKETING_VERSION = 1.0;
				PRODUCT_BUNDLE_IDENTIFIER = "Com.AlexHerrin.MVPA-Workout";
				PRODUCT_NAME = "$(TARGET_NAME)";
				PROVISIONING_PROFILE_SPECIFIER = "";
				SDKROOT = iphoneos;
				SWIFT_EMIT_LOC_STRINGS = YES;
				SWIFT_VERSION = 5.0;
				TARGETED_DEVICE_FAMILY = "1,2";
				VALIDATE_PRODUCT = YES;
			};
			name = Release;
		};
		5F0D604F2739AC2A00D0A975 /* Debug */ = {
			isa = XCBuildConfiguration;
			buildSettings = {
				ALWAYS_EMBED_SWIFT_STANDARD_LIBRARIES = YES;
				BUNDLE_LOADER = "$(TEST_HOST)";
				CODE_SIGN_STYLE = Automatic;
				CURRENT_PROJECT_VERSION = 1;
				DEVELOPMENT_TEAM = 5973QV84GB;
				GENERATE_INFOPLIST_FILE = YES;
				IPHONEOS_DEPLOYMENT_TARGET = 15.0;
				LD_RUNPATH_SEARCH_PATHS = (
					"$(inherited)",
					"@executable_path/Frameworks",
					"@loader_path/Frameworks",
				);
				MARKETING_VERSION = 1.0;
				PRODUCT_BUNDLE_IDENTIFIER = "Com.AlexHerrin.MVPA-WorkoutTests";
				PRODUCT_NAME = "$(TARGET_NAME)";
				SDKROOT = iphoneos;
				SWIFT_EMIT_LOC_STRINGS = NO;
				SWIFT_VERSION = 5.0;
				TARGETED_DEVICE_FAMILY = "1,2";
				TEST_HOST = "$(BUILT_PRODUCTS_DIR)/MVPA Workout.app/MVPA Workout";
			};
			name = Debug;
		};
		5F0D60502739AC2A00D0A975 /* Release */ = {
			isa = XCBuildConfiguration;
			buildSettings = {
				ALWAYS_EMBED_SWIFT_STANDARD_LIBRARIES = YES;
				BUNDLE_LOADER = "$(TEST_HOST)";
				CODE_SIGN_STYLE = Automatic;
				CURRENT_PROJECT_VERSION = 1;
				DEVELOPMENT_TEAM = 5973QV84GB;
				GENERATE_INFOPLIST_FILE = YES;
				IPHONEOS_DEPLOYMENT_TARGET = 15.0;
				LD_RUNPATH_SEARCH_PATHS = (
					"$(inherited)",
					"@executable_path/Frameworks",
					"@loader_path/Frameworks",
				);
				MARKETING_VERSION = 1.0;
				PRODUCT_BUNDLE_IDENTIFIER = "Com.AlexHerrin.MVPA-WorkoutTests";
				PRODUCT_NAME = "$(TARGET_NAME)";
				SDKROOT = iphoneos;
				SWIFT_EMIT_LOC_STRINGS = NO;
				SWIFT_VERSION = 5.0;
				TARGETED_DEVICE_FAMILY = "1,2";
				TEST_HOST = "$(BUILT_PRODUCTS_DIR)/MVPA Workout.app/MVPA Workout";
				VALIDATE_PRODUCT = YES;
			};
			name = Release;
		};
		5F0D60522739AC2A00D0A975 /* Debug */ = {
			isa = XCBuildConfiguration;
			buildSettings = {
				ALWAYS_EMBED_SWIFT_STANDARD_LIBRARIES = YES;
				CODE_SIGN_STYLE = Automatic;
				CURRENT_PROJECT_VERSION = 1;
				DEVELOPMENT_TEAM = 5973QV84GB;
				GENERATE_INFOPLIST_FILE = YES;
				IPHONEOS_DEPLOYMENT_TARGET = 15.0;
				LD_RUNPATH_SEARCH_PATHS = (
					"$(inherited)",
					"@executable_path/Frameworks",
					"@loader_path/Frameworks",
				);
				MARKETING_VERSION = 1.0;
				PRODUCT_BUNDLE_IDENTIFIER = "Com.AlexHerrin.MVPA-WorkoutUITests";
				PRODUCT_NAME = "$(TARGET_NAME)";
				SDKROOT = iphoneos;
				SWIFT_EMIT_LOC_STRINGS = NO;
				SWIFT_VERSION = 5.0;
				TARGETED_DEVICE_FAMILY = "1,2";
				TEST_TARGET_NAME = "MVPA Workout";
			};
			name = Debug;
		};
		5F0D60532739AC2A00D0A975 /* Release */ = {
			isa = XCBuildConfiguration;
			buildSettings = {
				ALWAYS_EMBED_SWIFT_STANDARD_LIBRARIES = YES;
				CODE_SIGN_STYLE = Automatic;
				CURRENT_PROJECT_VERSION = 1;
				DEVELOPMENT_TEAM = 5973QV84GB;
				GENERATE_INFOPLIST_FILE = YES;
				IPHONEOS_DEPLOYMENT_TARGET = 15.0;
				LD_RUNPATH_SEARCH_PATHS = (
					"$(inherited)",
					"@executable_path/Frameworks",
					"@loader_path/Frameworks",
				);
				MARKETING_VERSION = 1.0;
				PRODUCT_BUNDLE_IDENTIFIER = "Com.AlexHerrin.MVPA-WorkoutUITests";
				PRODUCT_NAME = "$(TARGET_NAME)";
				SDKROOT = iphoneos;
				SWIFT_EMIT_LOC_STRINGS = NO;
				SWIFT_VERSION = 5.0;
				TARGETED_DEVICE_FAMILY = "1,2";
				TEST_TARGET_NAME = "MVPA Workout";
				VALIDATE_PRODUCT = YES;
			};
			name = Release;
		};
		5F0D60552739AC2A00D0A975 /* Debug */ = {
			isa = XCBuildConfiguration;
			buildSettings = {
				ALWAYS_EMBED_SWIFT_STANDARD_LIBRARIES = YES;
				BUNDLE_LOADER = "$(TEST_HOST)";
				CODE_SIGN_STYLE = Automatic;
				CURRENT_PROJECT_VERSION = 1;
				DEVELOPMENT_TEAM = 5973QV84GB;
				GENERATE_INFOPLIST_FILE = YES;
				LD_RUNPATH_SEARCH_PATHS = (
					"$(inherited)",
					"@executable_path/Frameworks",
					"@loader_path/Frameworks",
				);
				MARKETING_VERSION = 1.0;
				PRODUCT_BUNDLE_IDENTIFIER = "Com.AlexHerrin.MVPA-Workout-WatchKit-AppTests";
				PRODUCT_NAME = "$(TARGET_NAME)";
				SDKROOT = watchos;
				SWIFT_EMIT_LOC_STRINGS = NO;
				SWIFT_VERSION = 5.0;
				TARGETED_DEVICE_FAMILY = 4;
				TEST_HOST = "$(BUILT_PRODUCTS_DIR)/MVPA Workout WatchKit Extension.appex/MVPA Workout WatchKit Extension";
				WATCHOS_DEPLOYMENT_TARGET = 8.0;
			};
			name = Debug;
		};
		5F0D60562739AC2A00D0A975 /* Release */ = {
			isa = XCBuildConfiguration;
			buildSettings = {
				ALWAYS_EMBED_SWIFT_STANDARD_LIBRARIES = YES;
				BUNDLE_LOADER = "$(TEST_HOST)";
				CODE_SIGN_STYLE = Automatic;
				CURRENT_PROJECT_VERSION = 1;
				DEVELOPMENT_TEAM = 5973QV84GB;
				GENERATE_INFOPLIST_FILE = YES;
				LD_RUNPATH_SEARCH_PATHS = (
					"$(inherited)",
					"@executable_path/Frameworks",
					"@loader_path/Frameworks",
				);
				MARKETING_VERSION = 1.0;
				PRODUCT_BUNDLE_IDENTIFIER = "Com.AlexHerrin.MVPA-Workout-WatchKit-AppTests";
				PRODUCT_NAME = "$(TARGET_NAME)";
				SDKROOT = watchos;
				SWIFT_EMIT_LOC_STRINGS = NO;
				SWIFT_VERSION = 5.0;
				TARGETED_DEVICE_FAMILY = 4;
				TEST_HOST = "$(BUILT_PRODUCTS_DIR)/MVPA Workout WatchKit Extension.appex/MVPA Workout WatchKit Extension";
				VALIDATE_PRODUCT = YES;
				WATCHOS_DEPLOYMENT_TARGET = 8.0;
			};
			name = Release;
		};
		5F0D60582739AC2A00D0A975 /* Debug */ = {
			isa = XCBuildConfiguration;
			buildSettings = {
				CODE_SIGN_STYLE = Automatic;
				CURRENT_PROJECT_VERSION = 1;
				DEVELOPMENT_TEAM = 5973QV84GB;
				GENERATE_INFOPLIST_FILE = YES;
				LD_RUNPATH_SEARCH_PATHS = (
					"$(inherited)",
					"@executable_path/Frameworks",
					"@loader_path/Frameworks",
				);
				MARKETING_VERSION = 1.0;
				PRODUCT_BUNDLE_IDENTIFIER = "Com.AlexHerrin.MVPA-Workout-WatchKit-AppUITests";
				PRODUCT_NAME = "$(TARGET_NAME)";
				SDKROOT = watchos;
				SWIFT_EMIT_LOC_STRINGS = NO;
				SWIFT_VERSION = 5.0;
				TARGETED_DEVICE_FAMILY = 4;
				TEST_TARGET_NAME = "MVPA Workout WatchKit App";
				WATCHOS_DEPLOYMENT_TARGET = 8.0;
			};
			name = Debug;
		};
		5F0D60592739AC2A00D0A975 /* Release */ = {
			isa = XCBuildConfiguration;
			buildSettings = {
				CODE_SIGN_STYLE = Automatic;
				CURRENT_PROJECT_VERSION = 1;
				DEVELOPMENT_TEAM = 5973QV84GB;
				GENERATE_INFOPLIST_FILE = YES;
				LD_RUNPATH_SEARCH_PATHS = (
					"$(inherited)",
					"@executable_path/Frameworks",
					"@loader_path/Frameworks",
				);
				MARKETING_VERSION = 1.0;
				PRODUCT_BUNDLE_IDENTIFIER = "Com.AlexHerrin.MVPA-Workout-WatchKit-AppUITests";
				PRODUCT_NAME = "$(TARGET_NAME)";
				SDKROOT = watchos;
				SWIFT_EMIT_LOC_STRINGS = NO;
				SWIFT_VERSION = 5.0;
				TARGETED_DEVICE_FAMILY = 4;
				TEST_TARGET_NAME = "MVPA Workout WatchKit App";
				VALIDATE_PRODUCT = YES;
				WATCHOS_DEPLOYMENT_TARGET = 8.0;
			};
			name = Release;
		};
/* End XCBuildConfiguration section */

/* Begin XCConfigurationList section */
		5F0D5FE12739AC2300D0A975 /* Build configuration list for PBXProject "MVPA Workout" */ = {
			isa = XCConfigurationList;
			buildConfigurations = (
				5F0D60412739AC2A00D0A975 /* Debug */,
				5F0D60422739AC2A00D0A975 /* Release */,
			);
			defaultConfigurationIsVisible = 0;
			defaultConfigurationName = Release;
		};
		5F0D60432739AC2A00D0A975 /* Build configuration list for PBXNativeTarget "MVPA Workout WatchKit Extension" */ = {
			isa = XCConfigurationList;
			buildConfigurations = (
				5F0D60442739AC2A00D0A975 /* Debug */,
				5F0D60452739AC2A00D0A975 /* Release */,
			);
			defaultConfigurationIsVisible = 0;
			defaultConfigurationName = Release;
		};
		5F0D60472739AC2A00D0A975 /* Build configuration list for PBXNativeTarget "MVPA Workout WatchKit App" */ = {
			isa = XCConfigurationList;
			buildConfigurations = (
				5F0D60482739AC2A00D0A975 /* Debug */,
				5F0D60492739AC2A00D0A975 /* Release */,
			);
			defaultConfigurationIsVisible = 0;
			defaultConfigurationName = Release;
		};
		5F0D604B2739AC2A00D0A975 /* Build configuration list for PBXNativeTarget "MVPA Workout" */ = {
			isa = XCConfigurationList;
			buildConfigurations = (
				5F0D604C2739AC2A00D0A975 /* Debug */,
				5F0D604D2739AC2A00D0A975 /* Release */,
			);
			defaultConfigurationIsVisible = 0;
			defaultConfigurationName = Release;
		};
		5F0D604E2739AC2A00D0A975 /* Build configuration list for PBXNativeTarget "MVPA WorkoutTests" */ = {
			isa = XCConfigurationList;
			buildConfigurations = (
				5F0D604F2739AC2A00D0A975 /* Debug */,
				5F0D60502739AC2A00D0A975 /* Release */,
			);
			defaultConfigurationIsVisible = 0;
			defaultConfigurationName = Release;
		};
		5F0D60512739AC2A00D0A975 /* Build configuration list for PBXNativeTarget "MVPA WorkoutUITests" */ = {
			isa = XCConfigurationList;
			buildConfigurations = (
				5F0D60522739AC2A00D0A975 /* Debug */,
				5F0D60532739AC2A00D0A975 /* Release */,
			);
			defaultConfigurationIsVisible = 0;
			defaultConfigurationName = Release;
		};
		5F0D60542739AC2A00D0A975 /* Build configuration list for PBXNativeTarget "MVPA Workout WatchKit AppTests" */ = {
			isa = XCConfigurationList;
			buildConfigurations = (
				5F0D60552739AC2A00D0A975 /* Debug */,
				5F0D60562739AC2A00D0A975 /* Release */,
			);
			defaultConfigurationIsVisible = 0;
			defaultConfigurationName = Release;
		};
		5F0D60572739AC2A00D0A975 /* Build configuration list for PBXNativeTarget "MVPA Workout WatchKit AppUITests" */ = {
			isa = XCConfigurationList;
			buildConfigurations = (
				5F0D60582739AC2A00D0A975 /* Debug */,
				5F0D60592739AC2A00D0A975 /* Release */,
			);
			defaultConfigurationIsVisible = 0;
			defaultConfigurationName = Release;
		};
/* End XCConfigurationList section */

/* Begin XCVersionGroup section */
		5FD9536D2748E00100F51810 /* Activity.xcdatamodeld */ = {
			isa = XCVersionGroup;
			children = (
				5FD9536E2748E00100F51810 /* Activity.xcdatamodel */,
			);
			currentVersion = 5FD9536E2748E00100F51810 /* Activity.xcdatamodel */;
			path = Activity.xcdatamodeld;
			sourceTree = "<group>";
			versionGroupType = wrapper.xcdatamodel;
		};
/* End XCVersionGroup section */
	};
	rootObject = 5F0D5FDE2739AC2300D0A975 /* Project object */;
}
